
Microsoft Visual Studio Solution File, Format Version 12.00
# Visual Studio 2012
Project("{FAE04EC0-301F-11D3-BF4B-00C04F79EFBC}") = "client", "client\client.csproj", "{4BEEBA0C-65E7-46CB-9117-0F0D82714422}"
EndProject
Project("{FAE04EC0-301F-11D3-BF4B-00C04F79EFBC}") = "service", "service\service.csproj", "{F8F48891-F8B1-4E52-970E-9588A3E65363}"
EndProject
Global
	GlobalSection(SolutionConfigurationPlatforms) = preSolution
		Debug|Any CPU = Debug|Any CPU
		Release|Any CPU = Release|Any CPU
	EndGlobalSection
	GlobalSection(ProjectConfigurationPlatforms) = postSolution
		{4BEEBA0C-65E7-46CB-9117-0F0D82714422}.Debug|Any CPU.ActiveCfg = Debug|Any CPU
		{4BEEBA0C-65E7-46CB-9117-0F0D82714422}.Debug|Any CPU.Build.0 = Debug|Any CPU
		{4BEEBA0C-65E7-46CB-9117-0F0D82714422}.Release|Any CPU.ActiveCfg = Release|Any CPU
		{4BEEBA0C-65E7-46CB-9117-0F0D82714422}.Release|Any CPU.Build.0 = Release|Any CPU
		{F8F48891-F8B1-4E52-970E-9588A3E65363}.Debug|Any CPU.ActiveCfg = Debug|Any CPU
		{F8F48891-F8B1-4E52-970E-9588A3E65363}.Debug|Any CPU.Build.0 = Debug|Any CPU
		{F8F48891-F8B1-4E52-970E-9588A3E65363}.Release|Any CPU.ActiveCfg = Release|Any CPU
		{F8F48891-F8B1-4E52-970E-9588A3E65363}.Release|Any CPU.Build.0 = Release|Any CPU
	EndGlobalSection
	GlobalSection(SolutionProperties) = preSolution
		HideSolutionNode = FALSE
	EndGlobalSection
EndGlobal
